
Microsoft Visual Studio Solution File, Format Version 9.00
# Visual Studio 2005
Project("{FAE04EC0-301F-11D3-BF4B-00C04F79EFBC}") = "Agent", "Agent\Agent.csproj", "{BB84E1CD-7205-4F23-8B45-1BA3301FFAE8}"
EndProject
Project("{54435603-DBB4-11D2-8724-00A0C9A8B90C}") = "Installer", "Installer\Installer.vdproj", "{973C2737-FF4C-4BCE-A0E5-0FDA058B4695}"
EndProject
Global
	GlobalSection(SolutionConfigurationPlatforms) = preSolution
		Debug|Any CPU = Debug|Any CPU
		Release|Any CPU = Release|Any CPU
	EndGlobalSection
	GlobalSection(ProjectConfigurationPlatforms) = postSolution
		{BB84E1CD-7205-4F23-8B45-1BA3301FFAE8}.Debug|Any CPU.ActiveCfg = Debug|Any CPU
		{BB84E1CD-7205-4F23-8B45-1BA3301FFAE8}.Debug|Any CPU.Build.0 = Debug|Any CPU
		{BB84E1CD-7205-4F23-8B45-1BA3301FFAE8}.Release|Any CPU.ActiveCfg = Release|Any CPU
		{BB84E1CD-7205-4F23-8B45-1BA3301FFAE8}.Release|Any CPU.Build.0 = Release|Any CPU
		{973C2737-FF4C-4BCE-A0E5-0FDA058B4695}.Debug|Any CPU.ActiveCfg = Debug
		{973C2737-FF4C-4BCE-A0E5-0FDA058B4695}.Release|Any CPU.ActiveCfg = Release
	EndGlobalSection
	GlobalSection(SolutionProperties) = preSolution
		HideSolutionNode = FALSE
	EndGlobalSection
EndGlobal
